// !$*UTF8*$!
{
	archiveVersion = 1;
	classes = {
	};
	objectVersion = 50;
	objects = {

/* Begin PBXBuildFile section */
		6B3577B524D15118002063D9 /* VibrateViewController.swift in Sources */ = {isa = PBXBuildFile; fileRef = 6B3577B424D15118002063D9 /* VibrateViewController.swift */; };
		6B3577B724D15DD7002063D9 /* PulseAnimation.swift in Sources */ = {isa = PBXBuildFile; fileRef = 6B3577B624D15DD7002063D9 /* PulseAnimation.swift */; };
		6B7893F524D40304009AED28 /* polisi.mp3 in Resources */ = {isa = PBXBuildFile; fileRef = 6B7893F424D40304009AED28 /* polisi.mp3 */; };
		6B8BEBC524D08DC20062FE51 /* AppDelegate.swift in Sources */ = {isa = PBXBuildFile; fileRef = 6B8BEBC424D08DC20062FE51 /* AppDelegate.swift */; };
		6B8BEBC724D08DC20062FE51 /* SceneDelegate.swift in Sources */ = {isa = PBXBuildFile; fileRef = 6B8BEBC624D08DC20062FE51 /* SceneDelegate.swift */; };
		6B8BEBC924D08DC20062FE51 /* ViewController.swift in Sources */ = {isa = PBXBuildFile; fileRef = 6B8BEBC824D08DC20062FE51 /* ViewController.swift */; };
		6B8BEBCC24D08DC20062FE51 /* Main.storyboard in Resources */ = {isa = PBXBuildFile; fileRef = 6B8BEBCA24D08DC20062FE51 /* Main.storyboard */; };
		6B8BEBCE24D08DC40062FE51 /* Assets.xcassets in Resources */ = {isa = PBXBuildFile; fileRef = 6B8BEBCD24D08DC40062FE51 /* Assets.xcassets */; };
		6B8BEBD124D08DC40062FE51 /* LaunchScreen.storyboard in Resources */ = {isa = PBXBuildFile; fileRef = 6B8BEBCF24D08DC40062FE51 /* LaunchScreen.storyboard */; };
		6B8BEBD924D093950062FE51 /* alarm.mp3 in Resources */ = {isa = PBXBuildFile; fileRef = 6B8BEBD824D093950062FE51 /* alarm.mp3 */; };
		6BBCB10724DC2ACD0038DC8D /* AlarmViewController.swift in Sources */ = {isa = PBXBuildFile; fileRef = 6BBCB10624DC2ACD0038DC8D /* AlarmViewController.swift */; };
/* End PBXBuildFile section */

/* Begin PBXFileReference section */
		6B3577B424D15118002063D9 /* VibrateViewController.swift */ = {isa = PBXFileReference; lastKnownFileType = sourcecode.swift; path = VibrateViewController.swift; sourceTree = "<group>"; };
		6B3577B624D15DD7002063D9 /* PulseAnimation.swift */ = {isa = PBXFileReference; lastKnownFileType = sourcecode.swift; path = PulseAnimation.swift; sourceTree = "<group>"; };
		6B7893F424D40304009AED28 /* polisi.mp3 */ = {isa = PBXFileReference; lastKnownFileType = audio.mp3; path = polisi.mp3; sourceTree = "<group>"; };
		6B8BEBC124D08DC20062FE51 /* learn-mc3.app */ = {isa = PBXFileReference; explicitFileType = wrapper.application; includeInIndex = 0; path = "learn-mc3.app"; sourceTree = BUILT_PRODUCTS_DIR; };
		6B8BEBC424D08DC20062FE51 /* AppDelegate.swift */ = {isa = PBXFileReference; lastKnownFileType = sourcecode.swift; path = AppDelegate.swift; sourceTree = "<group>"; };
		6B8BEBC624D08DC20062FE51 /* SceneDelegate.swift */ = {isa = PBXFileReference; lastKnownFileType = sourcecode.swift; path = SceneDelegate.swift; sourceTree = "<group>"; };
		6B8BEBC824D08DC20062FE51 /* ViewController.swift */ = {isa = PBXFileReference; lastKnownFileType = sourcecode.swift; path = ViewController.swift; sourceTree = "<group>"; };
		6B8BEBCB24D08DC20062FE51 /* Base */ = {isa = PBXFileReference; lastKnownFileType = file.storyboard; name = Base; path = Base.lproj/Main.storyboard; sourceTree = "<group>"; };
		6B8BEBCD24D08DC40062FE51 /* Assets.xcassets */ = {isa = PBXFileReference; lastKnownFileType = folder.assetcatalog; path = Assets.xcassets; sourceTree = "<group>"; };
		6B8BEBD024D08DC40062FE51 /* Base */ = {isa = PBXFileReference; lastKnownFileType = file.storyboard; name = Base; path = Base.lproj/LaunchScreen.storyboard; sourceTree = "<group>"; };
		6B8BEBD224D08DC40062FE51 /* Info.plist */ = {isa = PBXFileReference; lastKnownFileType = text.plist.xml; path = Info.plist; sourceTree = "<group>"; };
		6B8BEBD824D093950062FE51 /* alarm.mp3 */ = {isa = PBXFileReference; lastKnownFileType = audio.mp3; path = alarm.mp3; sourceTree = "<group>"; };
		6BBCB10624DC2ACD0038DC8D /* AlarmViewController.swift */ = {isa = PBXFileReference; lastKnownFileType = sourcecode.swift; path = AlarmViewController.swift; sourceTree = "<group>"; };
/* End PBXFileReference section */

/* Begin PBXFrameworksBuildPhase section */
		6B8BEBBE24D08DC20062FE51 /* Frameworks */ = {
			isa = PBXFrameworksBuildPhase;
			buildActionMask = 2147483647;
			files = (
			);
			runOnlyForDeploymentPostprocessing = 0;
		};
/* End PBXFrameworksBuildPhase section */

/* Begin PBXGroup section */
		6B3577B824D163E4002063D9 /* Controller */ = {
			isa = PBXGroup;
			children = (
				6B8BEBC824D08DC20062FE51 /* ViewController.swift */,
				6B3577B424D15118002063D9 /* VibrateViewController.swift */,
				6BBCB10624DC2ACD0038DC8D /* AlarmViewController.swift */,
			);
			path = Controller;
			sourceTree = "<group>";
		};
		6B3577B924D163F5002063D9 /* Model */ = {
			isa = PBXGroup;
			children = (
				6B3577B624D15DD7002063D9 /* PulseAnimation.swift */,
			);
			path = Model;
			sourceTree = "<group>";
		};
		6B3577BA24D16403002063D9 /* View */ = {
			isa = PBXGroup;
			children = (
				6B8BEBCA24D08DC20062FE51 /* Main.storyboard */,
			);
			path = View;
			sourceTree = "<group>";
		};
		6B7893F624D4030C009AED28 /* Sound */ = {
			isa = PBXGroup;
			children = (
				6B7893F424D40304009AED28 /* polisi.mp3 */,
				6B8BEBD824D093950062FE51 /* alarm.mp3 */,
			);
			path = Sound;
			sourceTree = "<group>";
		};
		6B8BEBB824D08DC20062FE51 = {
			isa = PBXGroup;
			children = (
				6B8BEBC324D08DC20062FE51 /* learn-mc3 */,
				6B8BEBC224D08DC20062FE51 /* Products */,
			);
			sourceTree = "<group>";
		};
		6B8BEBC224D08DC20062FE51 /* Products */ = {
			isa = PBXGroup;
			children = (
				6B8BEBC124D08DC20062FE51 /* learn-mc3.app */,
			);
			name = Products;
			sourceTree = "<group>";
		};
		6B8BEBC324D08DC20062FE51 /* learn-mc3 */ = {
			isa = PBXGroup;
			children = (
				6B8BEBCD24D08DC40062FE51 /* Assets.xcassets */,
				6B3577B924D163F5002063D9 /* Model */,
				6B3577BA24D16403002063D9 /* View */,
				6B3577B824D163E4002063D9 /* Controller */,
				6B7893F624D4030C009AED28 /* Sound */,
				6B8BEBC624D08DC20062FE51 /* SceneDelegate.swift */,
				6B8BEBC424D08DC20062FE51 /* AppDelegate.swift */,
				6B8BEBCF24D08DC40062FE51 /* LaunchScreen.storyboard */,
				6B8BEBD224D08DC40062FE51 /* Info.plist */,
			);
			path = "learn-mc3";
			sourceTree = "<group>";
		};
/* End PBXGroup section */

/* Begin PBXNativeTarget section */
		6B8BEBC024D08DC20062FE51 /* learn-mc3 */ = {
			isa = PBXNativeTarget;
			buildConfigurationList = 6B8BEBD524D08DC40062FE51 /* Build configuration list for PBXNativeTarget "learn-mc3" */;
			buildPhases = (
				6B8BEBBD24D08DC20062FE51 /* Sources */,
				6B8BEBBE24D08DC20062FE51 /* Frameworks */,
				6B8BEBBF24D08DC20062FE51 /* Resources */,
			);
			buildRules = (
			);
			dependencies = (
			);
			name = "learn-mc3";
			productName = "learn-mc3";
			productReference = 6B8BEBC124D08DC20062FE51 /* learn-mc3.app */;
			productType = "com.apple.product-type.application";
		};
/* End PBXNativeTarget section */

/* Begin PBXProject section */
		6B8BEBB924D08DC20062FE51 /* Project object */ = {
			isa = PBXProject;
			attributes = {
				LastSwiftUpdateCheck = 1150;
				LastUpgradeCheck = 1150;
				ORGANIZATIONNAME = "Edo Lorenza";
				TargetAttributes = {
					6B8BEBC024D08DC20062FE51 = {
						CreatedOnToolsVersion = 11.5;
					};
				};
			};
			buildConfigurationList = 6B8BEBBC24D08DC20062FE51 /* Build configuration list for PBXProject "learn-mc3" */;
			compatibilityVersion = "Xcode 9.3";
			developmentRegion = en;
			hasScannedForEncodings = 0;
			knownRegions = (
				en,
				Base,
			);
			mainGroup = 6B8BEBB824D08DC20062FE51;
			productRefGroup = 6B8BEBC224D08DC20062FE51 /* Products */;
			projectDirPath = "";
			projectRoot = "";
			targets = (
				6B8BEBC024D08DC20062FE51 /* learn-mc3 */,
			);
		};
/* End PBXProject section */

/* Begin PBXResourcesBuildPhase section */
		6B8BEBBF24D08DC20062FE51 /* Resources */ = {
			isa = PBXResourcesBuildPhase;
			buildActionMask = 2147483647;
			files = (
				6B8BEBD124D08DC40062FE51 /* LaunchScreen.storyboard in Resources */,
				6B7893F524D40304009AED28 /* polisi.mp3 in Resources */,
				6B8BEBCE24D08DC40062FE51 /* Assets.xcassets in Resources */,
				6B8BEBCC24D08DC20062FE51 /* Main.storyboard in Resources */,
				6B8BEBD924D093950062FE51 /* alarm.mp3 in Resources */,
			);
			runOnlyForDeploymentPostprocessing = 0;
		};
/* End PBXResourcesBuildPhase section */

/* Begin PBXSourcesBuildPhase section */
		6B8BEBBD24D08DC20062FE51 /* Sources */ = {
			isa = PBXSourcesBuildPhase;
			buildActionMask = 2147483647;
			files = (
				6B8BEBC924D08DC20062FE51 /* ViewController.swift in Sources */,
				6B8BEBC524D08DC20062FE51 /* AppDelegate.swift in Sources */,
				6BBCB10724DC2ACD0038DC8D /* AlarmViewController.swift in Sources */,
				6B3577B524D15118002063D9 /* VibrateViewController.swift in Sources */,
				6B3577B724D15DD7002063D9 /* PulseAnimation.swift in Sources */,
				6B8BEBC724D08DC20062FE51 /* SceneDelegate.swift in Sources */,
			);
			runOnlyForDeploymentPostprocessing = 0;
		};
/* End PBXSourcesBuildPhase section */

/* Begin PBXVariantGroup section */
		6B8BEBCA24D08DC20062FE51 /* Main.storyboard */ = {
			isa = PBXVariantGroup;
			children = (
				6B8BEBCB24D08DC20062FE51 /* Base */,
			);
			name = Main.storyboard;
			sourceTree = "<group>";
		};
		6B8BEBCF24D08DC40062FE51 /* LaunchScreen.storyboard */ = {
			isa = PBXVariantGroup;
			children = (
				6B8BEBD024D08DC40062FE51 /* Base */,
			);
			name = LaunchScreen.storyboard;
			sourceTree = "<group>";
		};
/* End PBXVariantGroup section */

/* Begin XCBuildConfiguration section */
		6B8BEBD324D08DC40062FE51 /* Debug */ = {
			isa = XCBuildConfiguration;
			buildSettings = {
				ALWAYS_SEARCH_USER_PATHS = NO;
				CLANG_ANALYZER_NONNULL = YES;
				CLANG_ANALYZER_NUMBER_OBJECT_CONVERSION = YES_AGGRESSIVE;
				CLANG_CXX_LANGUAGE_STANDARD = "gnu++14";
				CLANG_CXX_LIBRARY = "libc++";
				CLANG_ENABLE_MODULES = YES;
				CLANG_ENABLE_OBJC_ARC = YES;
				CLANG_ENABLE_OBJC_WEAK = YES;
				CLANG_WARN_BLOCK_CAPTURE_AUTORELEASING = YES;
				CLANG_WARN_BOOL_CONVERSION = YES;
				CLANG_WARN_COMMA = YES;
				CLANG_WARN_CONSTANT_CONVERSION = YES;
				CLANG_WARN_DEPRECATED_OBJC_IMPLEMENTATIONS = YES;
				CLANG_WARN_DIRECT_OBJC_ISA_USAGE = YES_ERROR;
				CLANG_WARN_DOCUMENTATION_COMMENTS = YES;
				CLANG_WARN_EMPTY_BODY = YES;
				CLANG_WARN_ENUM_CONVERSION = YES;
				CLANG_WARN_INFINITE_RECURSION = YES;
				CLANG_WARN_INT_CONVERSION = YES;
				CLANG_WARN_NON_LITERAL_NULL_CONVERSION = YES;
				CLANG_WARN_OBJC_IMPLICIT_RETAIN_SELF = YES;
				CLANG_WARN_OBJC_LITERAL_CONVERSION = YES;
				CLANG_WARN_OBJC_ROOT_CLASS = YES_ERROR;
				CLANG_WARN_RANGE_LOOP_ANALYSIS = YES;
				CLANG_WARN_STRICT_PROTOTYPES = YES;
				CLANG_WARN_SUSPICIOUS_MOVE = YES;
				CLANG_WARN_UNGUARDED_AVAILABILITY = YES_AGGRESSIVE;
				CLANG_WARN_UNREACHABLE_CODE = YES;
				CLANG_WARN__DUPLICATE_METHOD_MATCH = YES;
				COPY_PHASE_STRIP = NO;
				DEBUG_INFORMATION_FORMAT = dwarf;
				ENABLE_STRICT_OBJC_MSGSEND = YES;
				ENABLE_TESTABILITY = YES;
				GCC_C_LANGUAGE_STANDARD = gnu11;
				GCC_DYNAMIC_NO_PIC = NO;
				GCC_NO_COMMON_BLOCKS = YES;
				GCC_OPTIMIZATION_LEVEL = 0;
				GCC_PREPROCESSOR_DEFINITIONS = (
					"DEBUG=1",
					"$(inherited)",
				);
				GCC_WARN_64_TO_32_BIT_CONVERSION = YES;
				GCC_WARN_ABOUT_RETURN_TYPE = YES_ERROR;
				GCC_WARN_UNDECLARED_SELECTOR = YES;
				GCC_WARN_UNINITIALIZED_AUTOS = YES_AGGRESSIVE;
				GCC_WARN_UNUSED_FUNCTION = YES;
				GCC_WARN_UNUSED_VARIABLE = YES;
				IPHONEOS_DEPLOYMENT_TARGET = 13.5;
				MTL_ENABLE_DEBUG_INFO = INCLUDE_SOURCE;
				MTL_FAST_MATH = YES;
				ONLY_ACTIVE_ARCH = YES;
				SDKROOT = iphoneos;
				SWIFT_ACTIVE_COMPILATION_CONDITIONS = DEBUG;
				SWIFT_OPTIMIZATION_LEVEL = "-Onone";
			};
			name = Debug;
		};
		6B8BEBD424D08DC40062FE51 /* Release */ = {
			isa = XCBuildConfiguration;
			buildSettings = {
				ALWAYS_SEARCH_USER_PATHS = NO;
				CLANG_ANALYZER_NONNULL = YES;
				CLANG_ANALYZER_NUMBER_OBJECT_CONVERSION = YES_AGGRESSIVE;
				CLANG_CXX_LANGUAGE_STANDARD = "gnu++14";
				CLANG_CXX_LIBRARY = "libc++";
				CLANG_ENABLE_MODULES = YES;
				CLANG_ENABLE_OBJC_ARC = YES;
				CLANG_ENABLE_OBJC_WEAK = YES;
				CLANG_WARN_BLOCK_CAPTURE_AUTORELEASING = YES;
				CLANG_WARN_BOOL_CONVERSION = YES;
				CLANG_WARN_COMMA = YES;
				CLANG_WARN_CONSTANT_CONVERSION = YES;
				CLANG_WARN_DEPRECATED_OBJC_IMPLEMENTATIONS = YES;
				CLANG_WARN_DIRECT_OBJC_ISA_USAGE = YES_ERROR;
				CLANG_WARN_DOCUMENTATION_COMMENTS = YES;
				CLANG_WARN_EMPTY_BODY = YES;
				CLANG_WARN_ENUM_CONVERSION = YES;
				CLANG_WARN_INFINITE_RECURSION = YES;
				CLANG_WARN_INT_CONVERSION = YES;
				CLANG_WARN_NON_LITERAL_NULL_CONVERSION = YES;
				CLANG_WARN_OBJC_IMPLICIT_RETAIN_SELF = YES;
				CLANG_WARN_OBJC_LITERAL_CONVERSION = YES;
				CLANG_WARN_OBJC_ROOT_CLASS = YES_ERROR;
				CLANG_WARN_RANGE_LOOP_ANALYSIS = YES;
				CLANG_WARN_STRICT_PROTOTYPES = YES;
				CLANG_WARN_SUSPICIOUS_MOVE = YES;
				CLANG_WARN_UNGUARDED_AVAILABILITY = YES_AGGRESSIVE;
				CLANG_WARN_UNREACHABLE_CODE = YES;
				CLANG_WARN__DUPLICATE_METHOD_MATCH = YES;
				COPY_PHASE_STRIP = NO;
				DEBUG_INFORMATION_FORMAT = "dwarf-with-dsym";
				ENABLE_NS_ASSERTIONS = NO;
				ENABLE_STRICT_OBJC_MSGSEND = YES;
				GCC_C_LANGUAGE_STANDARD = gnu11;
				GCC_NO_COMMON_BLOCKS = YES;
				GCC_WARN_64_TO_32_BIT_CONVERSION = YES;
				GCC_WARN_ABOUT_RETURN_TYPE = YES_ERROR;
				GCC_WARN_UNDECLARED_SELECTOR = YES;
				GCC_WARN_UNINITIALIZED_AUTOS = YES_AGGRESSIVE;
				GCC_WARN_UNUSED_FUNCTION = YES;
				GCC_WARN_UNUSED_VARIABLE = YES;
				IPHONEOS_DEPLOYMENT_TARGET = 13.5;
				MTL_ENABLE_DEBUG_INFO = NO;
				MTL_FAST_MATH = YES;
				SDKROOT = iphoneos;
				SWIFT_COMPILATION_MODE = wholemodule;
				SWIFT_OPTIMIZATION_LEVEL = "-O";
				VALIDATE_PRODUCT = YES;
			};
			name = Release;
		};
		6B8BEBD624D08DC40062FE51 /* Debug */ = {
			isa = XCBuildConfiguration;
			buildSettings = {
				ASSETCATALOG_COMPILER_APPICON_NAME = AppIcon;
				CODE_SIGN_STYLE = Automatic;
				DEVELOPMENT_TEAM = A6SVV7LMGJ;
				INFOPLIST_FILE = "learn-mc3/Info.plist";
				LD_RUNPATH_SEARCH_PATHS = (
					"$(inherited)",
					"@executable_path/Frameworks",
				);
				PRODUCT_BUNDLE_IDENTIFIER = "codes.edolorenza.learn-mc3";
				PRODUCT_NAME = "$(TARGET_NAME)";
				SWIFT_VERSION = 5.0;
				TARGETED_DEVICE_FAMILY = "1,2";
			};
			name = Debug;
		};
		6B8BEBD724D08DC40062FE51 /* Release */ = {
			isa = XCBuildConfiguration;
			buildSettings = {
				ASSETCATALOG_COMPILER_APPICON_NAME = AppIcon;
				CODE_SIGN_STYLE = Automatic;
				DEVELOPMENT_TEAM = A6SVV7LMGJ;
				INFOPLIST_FILE = "learn-mc3/Info.plist";
				LD_RUNPATH_SEARCH_PATHS = (
					"$(inherited)",
					"@executable_path/Frameworks",
				);
				PRODUCT_BUNDLE_IDENTIFIER = "codes.edolorenza.learn-mc3";
				PRODUCT_NAME = "$(TARGET_NAME)";
				SWIFT_VERSION = 5.0;
				TARGETED_DEVICE_FAMILY = "1,2";
			};
			name = Release;
		};
/* End XCBuildConfiguration section */

/* Begin XCConfigurationList section */
		6B8BEBBC24D08DC20062FE51 /* Build configuration list for PBXProject "learn-mc3" */ = {
			isa = XCConfigurationList;
			buildConfigurations = (
				6B8BEBD324D08DC40062FE51 /* Debug */,
				6B8BEBD424D08DC40062FE51 /* Release */,
			);
			defaultConfigurationIsVisible = 0;
			defaultConfigurationName = Release;
		};
		6B8BEBD524D08DC40062FE51 /* Build configuration list for PBXNativeTarget "learn-mc3" */ = {
			isa = XCConfigurationList;
			buildConfigurations = (
				6B8BEBD624D08DC40062FE51 /* Debug */,
				6B8BEBD724D08DC40062FE51 /* Release */,
			);
			defaultConfigurationIsVisible = 0;
			defaultConfigurationName = Release;
		};
/* End XCConfigurationList section */
	};
	rootObject = 6B8BEBB924D08DC20062FE51 /* Project object */;
}
